
Microsoft Visual Studio Solution File, Format Version 12.00
# Visual Studio Version 16
VisualStudioVersion = 16.0.29215.179
MinimumVisualStudioVersion = 10.0.40219.1
Project("{FAE04EC0-301F-11D3-BF4B-00C04F79EFBC}") = "Saongroup", "Saongroup\Saongroup.csproj", "{AC43C4F4-3037-40FD-87CE-2A4399712D5B}"
EndProject
Project("{FAE04EC0-301F-11D3-BF4B-00C04F79EFBC}") = "Saongroup.Tests", "Saongroup.Tests\Saongroup.Tests.csproj", "{BC1875C3-1F3D-493B-9AAC-F2AB292E0411}"
EndProject
Global
	GlobalSection(SolutionConfigurationPlatforms) = preSolution
		Debug|Any CPU = Debug|Any CPU
		Release|Any CPU = Release|Any CPU
	EndGlobalSection
	GlobalSection(ProjectConfigurationPlatforms) = postSolution
		{AC43C4F4-3037-40FD-87CE-2A4399712D5B}.Debug|Any CPU.ActiveCfg = Debug|Any CPU
		{AC43C4F4-3037-40FD-87CE-2A4399712D5B}.Debug|Any CPU.Build.0 = Debug|Any CPU
		{AC43C4F4-3037-40FD-87CE-2A4399712D5B}.Release|Any CPU.ActiveCfg = Release|Any CPU
		{AC43C4F4-3037-40FD-87CE-2A4399712D5B}.Release|Any CPU.Build.0 = Release|Any CPU
		{BC1875C3-1F3D-493B-9AAC-F2AB292E0411}.Debug|Any CPU.ActiveCfg = Debug|Any CPU
		{BC1875C3-1F3D-493B-9AAC-F2AB292E0411}.Debug|Any CPU.Build.0 = Debug|Any CPU
		{BC1875C3-1F3D-493B-9AAC-F2AB292E0411}.Release|Any CPU.ActiveCfg = Release|Any CPU
		{BC1875C3-1F3D-493B-9AAC-F2AB292E0411}.Release|Any CPU.Build.0 = Release|Any CPU
	EndGlobalSection
	GlobalSection(SolutionProperties) = preSolution
		HideSolutionNode = FALSE
	EndGlobalSection
	GlobalSection(ExtensibilityGlobals) = postSolution
		SolutionGuid = {03E0B5C9-664A-4DE4-B286-505CA4A71EF0}
	EndGlobalSection
EndGlobal
